
Microsoft Visual Studio Solution File, Format Version 12.00
# Visual Studio Version 16
VisualStudioVersion = 16.0.34114.132
MinimumVisualStudioVersion = 10.0.40219.1
Project("{FAE04EC0-301F-11D3-BF4B-00C04F79EFBC}") = "HG_Subscribe", "HG_Subscribe\HG_Subscribe.csproj", "{8ECB3516-324E-4C90-8A43-358284AC4001}"
EndProject
Global
	GlobalSection(SolutionConfigurationPlatforms) = preSolution
		Debug|Any CPU = Debug|Any CPU
		Release|Any CPU = Release|Any CPU
	EndGlobalSection
	GlobalSection(ProjectConfigurationPlatforms) = postSolution
		{8ECB3516-324E-4C90-8A43-358284AC4001}.Debug|Any CPU.ActiveCfg = Debug|Any CPU
		{8ECB3516-324E-4C90-8A43-358284AC4001}.Debug|Any CPU.Build.0 = Debug|Any CPU
		{8ECB3516-324E-4C90-8A43-358284AC4001}.Release|Any CPU.ActiveCfg = Release|Any CPU
		{8ECB3516-324E-4C90-8A43-358284AC4001}.Release|Any CPU.Build.0 = Release|Any CPU
	EndGlobalSection
	GlobalSection(SolutionProperties) = preSolution
		HideSolutionNode = FALSE
	EndGlobalSection
	GlobalSection(ExtensibilityGlobals) = postSolution
		SolutionGuid = {30A785CA-E685-4E85-8F47-522F627FABB2}
	EndGlobalSection
EndGlobal
